
Microsoft Visual Studio Solution File, Format Version 12.00
# Visual Studio Version 17
VisualStudioVersion = 17.0.31903.59
MinimumVisualStudioVersion = 10.0.40219.1
Project("{2150E333-8FDC-42A3-9474-1A3956D46DE8}") = "src", "src", "{9E44BFFB-4E02-47F0-A81B-4D4DD32C932C}"
EndProject
Project("{FAE04EC0-301F-11D3-BF4B-00C04F79EFBC}") = "Momus.Cli", "src\Momus.Cli\Momus.Cli.csproj", "{3004BA99-194A-4F53-B17E-78E773C58DB5}"
EndProject
Project("{FAE04EC0-301F-11D3-BF4B-00C04F79EFBC}") = "Momus.Core", "src\Momus.Core\Momus.Core.csproj", "{ADD3952F-3758-4500-925C-9EA544932332}"
EndProject
Project("{FAE04EC0-301F-11D3-BF4B-00C04F79EFBC}") = "Momus.Postgres", "src\Momus.Postgres\Momus.Postgres.csproj", "{ADD5C19F-E5BC-40EF-A12D-6A3EFAF535F3}"
EndProject
Project("{FAE04EC0-301F-11D3-BF4B-00C04F79EFBC}") = "Momus.SqlServer", "src\Momus.SqlServer\Momus.SqlServer.csproj", "{CFC277C5-CF25-4C41-BE83-6468C5534634}"
EndProject
Project("{2150E333-8FDC-42A3-9474-1A3956D46DE8}") = "tests", "tests", "{CCFB8B23-CA4F-48D6-8696-58CE82A2D21C}"
EndProject
Project("{FAE04EC0-301F-11D3-BF4B-00C04F79EFBC}") = "Momus.Tests", "tests\Momus.Tests\Momus.Tests.csproj", "{44861FC2-A314-4FED-BDBF-58DB0DBAA2FB}"
EndProject
Project("{2150E333-8FDC-42A3-9474-1A3956D46DE8}") = "samples", "samples", "{5D20AA90-6969-D8BD-9DCD-8634F4692FDA}"
EndProject
Project("{FAE04EC0-301F-11D3-BF4B-00C04F79EFBC}") = "Shop.Api", "samples\Shop.Api\Shop.Api.csproj", "{F2B45A93-BEFF-4D08-80B6-BB278FB98697}"
EndProject
Project("{2150E333-8FDC-42A3-9474-1A3956D46DE8}") = "tools", "tools", "{07C2787E-EAC7-C090-1BA3-A61EC2A24D84}"
EndProject
Project("{FAE04EC0-301F-11D3-BF4B-00C04F79EFBC}") = "FingerprintCapture", "tools\FingerprintCapture\FingerprintCapture.csproj", "{23C9832C-24B6-4FA9-9B2C-C5BF4D419442}"
EndProject
Global
	GlobalSection(SolutionConfigurationPlatforms) = preSolution
		Debug|Any CPU = Debug|Any CPU
		Debug|x64 = Debug|x64
		Debug|x86 = Debug|x86
		Release|Any CPU = Release|Any CPU
		Release|x64 = Release|x64
		Release|x86 = Release|x86
	EndGlobalSection
	GlobalSection(ProjectConfigurationPlatforms) = postSolution
		{3004BA99-194A-4F53-B17E-78E773C58DB5}.Debug|Any CPU.ActiveCfg = Debug|Any CPU
		{3004BA99-194A-4F53-B17E-78E773C58DB5}.Debug|Any CPU.Build.0 = Debug|Any CPU
		{3004BA99-194A-4F53-B17E-78E773C58DB5}.Debug|x64.ActiveCfg = Debug|Any CPU
		{3004BA99-194A-4F53-B17E-78E773C58DB5}.Debug|x64.Build.0 = Debug|Any CPU
		{3004BA99-194A-4F53-B17E-78E773C58DB5}.Debug|x86.ActiveCfg = Debug|Any CPU
		{3004BA99-194A-4F53-B17E-78E773C58DB5}.Debug|x86.Build.0 = Debug|Any CPU
		{3004BA99-194A-4F53-B17E-78E773C58DB5}.Release|Any CPU.ActiveCfg = Release|Any CPU
		{3004BA99-194A-4F53-B17E-78E773C58DB5}.Release|Any CPU.Build.0 = Release|Any CPU
		{3004BA99-194A-4F53-B17E-78E773C58DB5}.Release|x64.ActiveCfg = Release|Any CPU
		{3004BA99-194A-4F53-B17E-78E773C58DB5}.Release|x64.Build.0 = Release|Any CPU
		{3004BA99-194A-4F53-B17E-78E773C58DB5}.Release|x86.ActiveCfg = Release|Any CPU
		{3004BA99-194A-4F53-B17E-78E773C58DB5}.Release|x86.Build.0 = Release|Any CPU
		{ADD3952F-3758-4500-925C-9EA544932332}.Debug|Any CPU.ActiveCfg = Debug|Any CPU
		{ADD3952F-3758-4500-925C-9EA544932332}.Debug|Any CPU.Build.0 = Debug|Any CPU
		{ADD3952F-3758-4500-925C-9EA544932332}.Debug|x64.ActiveCfg = Debug|Any CPU
		{ADD3952F-3758-4500-925C-9EA544932332}.Debug|x64.Build.0 = Debug|Any CPU
		{ADD3952F-3758-4500-925C-9EA544932332}.Debug|x86.ActiveCfg = Debug|Any CPU
		{ADD3952F-3758-4500-925C-9EA544932332}.Debug|x86.Build.0 = Debug|Any CPU
		{ADD3952F-3758-4500-925C-9EA544932332}.Release|Any CPU.ActiveCfg = Release|Any CPU
		{ADD3952F-3758-4500-925C-9EA544932332}.Release|Any CPU.Build.0 = Release|Any CPU
		{ADD3952F-3758-4500-925C-9EA544932332}.Release|x64.ActiveCfg = Release|Any CPU
		{ADD3952F-3758-4500-925C-9EA544932332}.Release|x64.Build.0 = Release|Any CPU
		{ADD3952F-3758-4500-925C-9EA544932332}.Release|x86.ActiveCfg = Release|Any CPU
		{ADD3952F-3758-4500-925C-9EA544932332}.Release|x86.Build.0 = Release|Any CPU
		{ADD5C19F-E5BC-40EF-A12D-6A3EFAF535F3}.Debug|Any CPU.ActiveCfg = Debug|Any CPU
		{ADD5C19F-E5BC-40EF-A12D-6A3EFAF535F3}.Debug|Any CPU.Build.0 = Debug|Any CPU
		{ADD5C19F-E5BC-40EF-A12D-6A3EFAF535F3}.Debug|x64.ActiveCfg = Debug|Any CPU
		{ADD5C19F-E5BC-40EF-A12D-6A3EFAF535F3}.Debug|x64.Build.0 = Debug|Any CPU
		{ADD5C19F-E5BC-40EF-A12D-6A3EFAF535F3}.Debug|x86.ActiveCfg = Debug|Any CPU
		{ADD5C19F-E5BC-40EF-A12D-6A3EFAF535F3}.Debug|x86.Build.0 = Debug|Any CPU
		{ADD5C19F-E5BC-40EF-A12D-6A3EFAF535F3}.Release|Any CPU.ActiveCfg = Release|Any CPU
		{ADD5C19F-E5BC-40EF-A12D-6A3EFAF535F3}.Release|Any CPU.Build.0 = Release|Any CPU
		{ADD5C19F-E5BC-40EF-A12D-6A3EFAF535F3}.Release|x64.ActiveCfg = Release|Any CPU
		{ADD5C19F-E5BC-40EF-A12D-6A3EFAF535F3}.Release|x64.Build.0 = Release|Any CPU
		{ADD5C19F-E5BC-40EF-A12D-6A3EFAF535F3}.Release|x86.ActiveCfg = Release|Any CPU
		{ADD5C19F-E5BC-40EF-A12D-6A3EFAF535F3}.Release|x86.Build.0 = Release|Any CPU
		{CFC277C5-CF25-4C41-BE83-6468C5534634}.Debug|Any CPU.ActiveCfg = Debug|Any CPU
		{CFC277C5-CF25-4C41-BE83-6468C5534634}.Debug|Any CPU.Build.0 = Debug|Any CPU
		{CFC277C5-CF25-4C41-BE83-6468C5534634}.Debug|x64.ActiveCfg = Debug|Any CPU
		{CFC277C5-CF25-4C41-BE83-6468C5534634}.Debug|x64.Build.0 = Debug|Any CPU
		{CFC277C5-CF25-4C41-BE83-6468C5534634}.Debug|x86.ActiveCfg = Debug|Any CPU
		{CFC277C5-CF25-4C41-BE83-6468C5534634}.Debug|x86.Build.0 = Debug|Any CPU
		{CFC277C5-CF25-4C41-BE83-6468C5534634}.Release|Any CPU.ActiveCfg = Release|Any CPU
		{CFC277C5-CF25-4C41-BE83-6468C5534634}.Release|Any CPU.Build.0 = Release|Any CPU
		{CFC277C5-CF25-4C41-BE83-6468C5534634}.Release|x64.ActiveCfg = Release|Any CPU
		{CFC277C5-CF25-4C41-BE83-6468C5534634}.Release|x64.Build.0 = Release|Any CPU
		{CFC277C5-CF25-4C41-BE83-6468C5534634}.Release|x86.ActiveCfg = Release|Any CPU
		{CFC277C5-CF25-4C41-BE83-6468C5534634}.Release|x86.Build.0 = Release|Any CPU
		{44861FC2-A314-4FED-BDBF-58DB0DBAA2FB}.Debug|Any CPU.ActiveCfg = Debug|Any CPU
		{44861FC2-A314-4FED-BDBF-58DB0DBAA2FB}.Debug|Any CPU.Build.0 = Debug|Any CPU
		{44861FC2-A314-4FED-BDBF-58DB0DBAA2FB}.Debug|x64.ActiveCfg = Debug|Any CPU
		{44861FC2-A314-4FED-BDBF-58DB0DBAA2FB}.Debug|x64.Build.0 = Debug|Any CPU
		{44861FC2-A314-4FED-BDBF-58DB0DBAA2FB}.Debug|x86.ActiveCfg = Debug|Any CPU
		{44861FC2-A314-4FED-BDBF-58DB0DBAA2FB}.Debug|x86.Build.0 = Debug|Any CPU
		{44861FC2-A314-4FED-BDBF-58DB0DBAA2FB}.Release|Any CPU.ActiveCfg = Release|Any CPU
		{44861FC2-A314-4FED-BDBF-58DB0DBAA2FB}.Release|Any CPU.Build.0 = Release|Any CPU
		{44861FC2-A314-4FED-BDBF-58DB0DBAA2FB}.Release|x64.ActiveCfg = Release|Any CPU
		{44861FC2-A314-4FED-BDBF-58DB0DBAA2FB}.Release|x64.Build.0 = Release|Any CPU
		{44861FC2-A314-4FED-BDBF-58DB0DBAA2FB}.Release|x86.ActiveCfg = Release|Any CPU
		{44861FC2-A314-4FED-BDBF-58DB0DBAA2FB}.Release|x86.Build.0 = Release|Any CPU
		{F2B45A93-BEFF-4D08-80B6-BB278FB98697}.Debug|Any CPU.ActiveCfg = Debug|Any CPU
		{F2B45A93-BEFF-4D08-80B6-BB278FB98697}.Debug|Any CPU.Build.0 = Debug|Any CPU
		{F2B45A93-BEFF-4D08-80B6-BB278FB98697}.Debug|x64.ActiveCfg = Debug|Any CPU
		{F2B45A93-BEFF-4D08-80B6-BB278FB98697}.Debug|x64.Build.0 = Debug|Any CPU
		{F2B45A93-BEFF-4D08-80B6-BB278FB98697}.Debug|x86.ActiveCfg = Debug|Any CPU
		{F2B45A93-BEFF-4D08-80B6-BB278FB98697}.Debug|x86.Build.0 = Debug|Any CPU
		{F2B45A93-BEFF-4D08-80B6-BB278FB98697}.Release|Any CPU.ActiveCfg = Release|Any CPU
		{F2B45A93-BEFF-4D08-80B6-BB278FB98697}.Release|Any CPU.Build.0 = Release|Any CPU
		{F2B45A93-BEFF-4D08-80B6-BB278FB98697}.Release|x64.ActiveCfg = Release|Any CPU
		{F2B45A93-BEFF-4D08-80B6-BB278FB98697}.Release|x64.Build.0 = Release|Any CPU
		{F2B45A93-BEFF-4D08-80B6-BB278FB98697}.Release|x86.ActiveCfg = Release|Any CPU
		{F2B45A93-BEFF-4D08-80B6-BB278FB98697}.Release|x86.Build.0 = Release|Any CPU
		{23C9832C-24B6-4FA9-9B2C-C5BF4D419442}.Debug|Any CPU.ActiveCfg = Debug|Any CPU
		{23C9832C-24B6-4FA9-9B2C-C5BF4D419442}.Debug|Any CPU.Build.0 = Debug|Any CPU
		{23C9832C-24B6-4FA9-9B2C-C5BF4D419442}.Debug|x64.ActiveCfg = Debug|Any CPU
		{23C9832C-24B6-4FA9-9B2C-C5BF4D419442}.Debug|x64.Build.0 = Debug|Any CPU
		{23C9832C-24B6-4FA9-9B2C-C5BF4D419442}.Debug|x86.ActiveCfg = Debug|Any CPU
		{23C9832C-24B6-4FA9-9B2C-C5BF4D419442}.Debug|x86.Build.0 = Debug|Any CPU
		{23C9832C-24B6-4FA9-9B2C-C5BF4D419442}.Release|Any CPU.ActiveCfg = Release|Any CPU
		{23C9832C-24B6-4FA9-9B2C-C5BF4D419442}.Release|Any CPU.Build.0 = Release|Any CPU
		{23C9832C-24B6-4FA9-9B2C-C5BF4D419442}.Release|x64.ActiveCfg = Release|Any CPU
		{23C9832C-24B6-4FA9-9B2C-C5BF4D419442}.Release|x64.Build.0 = Release|Any CPU
		{23C9832C-24B6-4FA9-9B2C-C5BF4D419442}.Release|x86.ActiveCfg = Release|Any CPU
		{23C9832C-24B6-4FA9-9B2C-C5BF4D419442}.Release|x86.Build.0 = Release|Any CPU
	EndGlobalSection
	GlobalSection(SolutionProperties) = preSolution
		HideSolutionNode = FALSE
	EndGlobalSection
	GlobalSection(NestedProjects) = preSolution
		{3004BA99-194A-4F53-B17E-78E773C58DB5} = {9E44BFFB-4E02-47F0-A81B-4D4DD32C932C}
		{ADD3952F-3758-4500-925C-9EA544932332} = {9E44BFFB-4E02-47F0-A81B-4D4DD32C932C}
		{ADD5C19F-E5BC-40EF-A12D-6A3EFAF535F3} = {9E44BFFB-4E02-47F0-A81B-4D4DD32C932C}
		{CFC277C5-CF25-4C41-BE83-6468C5534634} = {9E44BFFB-4E02-47F0-A81B-4D4DD32C932C}
		{44861FC2-A314-4FED-BDBF-58DB0DBAA2FB} = {CCFB8B23-CA4F-48D6-8696-58CE82A2D21C}
		{F2B45A93-BEFF-4D08-80B6-BB278FB98697} = {5D20AA90-6969-D8BD-9DCD-8634F4692FDA}
		{23C9832C-24B6-4FA9-9B2C-C5BF4D419442} = {07C2787E-EAC7-C090-1BA3-A61EC2A24D84}
	EndGlobalSection
EndGlobal
